
Microsoft Visual Studio Solution File, Format Version 12.00
# Visual Studio Version 17
VisualStudioVersion = 17.5.33516.290
MinimumVisualStudioVersion = 10.0.40219.1
Project("{FAE04EC0-301F-11D3-BF4B-00C04F79EFBC}") = "ChatGpt3Test", "ChatGpt3Test\ChatGpt3Test.csproj", "{64CFAD83-4B5F-4BA6-929A-CB1E77036F08}"
EndProject
Global
	GlobalSection(SolutionConfigurationPlatforms) = preSolution
		Debug|Any CPU = Debug|Any CPU
		Release|Any CPU = Release|Any CPU
	EndGlobalSection
	GlobalSection(ProjectConfigurationPlatforms) = postSolution
		{64CFAD83-4B5F-4BA6-929A-CB1E77036F08}.Debug|Any CPU.ActiveCfg = Debug|Any CPU
		{64CFAD83-4B5F-4BA6-929A-CB1E77036F08}.Debug|Any CPU.Build.0 = Debug|Any CPU
		{64CFAD83-4B5F-4BA6-929A-CB1E77036F08}.Release|Any CPU.ActiveCfg = Release|Any CPU
		{64CFAD83-4B5F-4BA6-929A-CB1E77036F08}.Release|Any CPU.Build.0 = Release|Any CPU
	EndGlobalSection
	GlobalSection(SolutionProperties) = preSolution
		HideSolutionNode = FALSE
	EndGlobalSection
	GlobalSection(ExtensibilityGlobals) = postSolution
		SolutionGuid = {0768D5D7-4F28-4E5C-92B0-89A2FEB6F4D7}
	EndGlobalSection
EndGlobal
